
Microsoft Visual Studio Solution File, Format Version 12.00
# Visual Studio Version 17
VisualStudioVersion = 17.2.32526.322
MinimumVisualStudioVersion = 10.0.40219.1
Project("{2150E333-8FDC-42A3-9474-1A3956D46DE8}") = "src", "src", "{B0C87C19-1B55-4255-ADC8-97FC240EB363}"
EndProject
Project("{9A19103F-16F7-4668-BE54-9A1E7A4F7556}") = "MGroup.MachineLearning", "src\MGroup.MachineLearning\MGroup.MachineLearning.csproj", "{6F0871F3-282A-481A-A01A-0550D6B866A1}"
EndProject
Project("{9A19103F-16F7-4668-BE54-9A1E7A4F7556}") = "MGroup.MachineLearning.TensorFlow", "src\MGroup.MachineLearning.TensorFlow\MGroup.MachineLearning.TensorFlow.csproj", "{6F0871F3-282A-481A-A01A-0550D6B866A2}"
EndProject
Project("{9A19103F-16F7-4668-BE54-9A1E7A4F7556}") = "MGroup.Constitutive.Structural.MachineLearning", "src\MGroup.Constitutive.Structural.MachineLearning\MGroup.Constitutive.Structural.MachineLearning.csproj", "{918613C0-8364-49E7-9879-F4D5A7FF4AF8}"
EndProject
Project("{2150E333-8FDC-42A3-9474-1A3956D46DE8}") = "test", "test", "{B6EF0323-3F6B-42DA-A3AE-D4F3696C3442}"
EndProject
Project("{9A19103F-16F7-4668-BE54-9A1E7A4F7556}") = "MGroup.MachineLearning.Tests", "tests\MGroup.MachineLearning.Tests\MGroup.MachineLearning.Tests.csproj", "{15248E1E-C02E-4AAA-A2F1-7EB1FAE14654}"
EndProject
Project("{9A19103F-16F7-4668-BE54-9A1E7A4F7556}") = "MGroup.Constitutive.Structural.MachineLearning.Tests", "tests\MGroup.Constitutive.Structural.MachineLearning.Tests\MGroup.Constitutive.Structural.MachineLearning.Tests.csproj", "{26F1E13D-929A-4BB8-AFA1-1CDB4FA2C653}"
EndProject
Global
	GlobalSection(SolutionConfigurationPlatforms) = preSolution
		Debug|Any CPU = Debug|Any CPU
		Release|Any CPU = Release|Any CPU
	EndGlobalSection
	GlobalSection(ProjectConfigurationPlatforms) = postSolution
		{6F0871F3-282A-481A-A01A-0550D6B866A1}.Debug|Any CPU.ActiveCfg = Debug|Any CPU
		{6F0871F3-282A-481A-A01A-0550D6B866A1}.Debug|Any CPU.Build.0 = Debug|Any CPU
		{6F0871F3-282A-481A-A01A-0550D6B866A1}.Release|Any CPU.ActiveCfg = Release|Any CPU
		{6F0871F3-282A-481A-A01A-0550D6B866A1}.Release|Any CPU.Build.0 = Release|Any CPU
		{6F0871F3-282A-481A-A01A-0550D6B866A2}.Debug|Any CPU.ActiveCfg = Debug|Any CPU
		{6F0871F3-282A-481A-A01A-0550D6B866A2}.Debug|Any CPU.Build.0 = Debug|Any CPU
		{6F0871F3-282A-481A-A01A-0550D6B866A2}.Release|Any CPU.ActiveCfg = Release|Any CPU
		{6F0871F3-282A-481A-A01A-0550D6B866A2}.Release|Any CPU.Build.0 = Release|Any CPU
		{918613C0-8364-49E7-9879-F4D5A7FF4AF8}.Debug|Any CPU.ActiveCfg = Debug|Any CPU
		{918613C0-8364-49E7-9879-F4D5A7FF4AF8}.Debug|Any CPU.Build.0 = Debug|Any CPU
		{918613C0-8364-49E7-9879-F4D5A7FF4AF8}.Release|Any CPU.ActiveCfg = Release|Any CPU
		{918613C0-8364-49E7-9879-F4D5A7FF4AF8}.Release|Any CPU.Build.0 = Release|Any CPU
		{15248E1E-C02E-4AAA-A2F1-7EB1FAE14654}.Debug|Any CPU.ActiveCfg = Debug|Any CPU
		{15248E1E-C02E-4AAA-A2F1-7EB1FAE14654}.Debug|Any CPU.Build.0 = Debug|Any CPU
		{15248E1E-C02E-4AAA-A2F1-7EB1FAE14654}.Release|Any CPU.ActiveCfg = Release|Any CPU
		{15248E1E-C02E-4AAA-A2F1-7EB1FAE14654}.Release|Any CPU.Build.0 = Release|Any CPU
		{26F1E13D-929A-4BB8-AFA1-1CDB4FA2C653}.Debug|Any CPU.ActiveCfg = Debug|Any CPU
		{26F1E13D-929A-4BB8-AFA1-1CDB4FA2C653}.Debug|Any CPU.Build.0 = Debug|Any CPU
		{26F1E13D-929A-4BB8-AFA1-1CDB4FA2C653}.Release|Any CPU.ActiveCfg = Release|Any CPU
		{26F1E13D-929A-4BB8-AFA1-1CDB4FA2C653}.Release|Any CPU.Build.0 = Release|Any CPU
	EndGlobalSection
	GlobalSection(SolutionProperties) = preSolution
		HideSolutionNode = FALSE
	EndGlobalSection
	GlobalSection(NestedProjects) = preSolution
		{6F0871F3-282A-481A-A01A-0550D6B866A1} = {B0C87C19-1B55-4255-ADC8-97FC240EB363}
		{6F0871F3-282A-481A-A01A-0550D6B866A2} = {B0C87C19-1B55-4255-ADC8-97FC240EB363}
		{918613C0-8364-49E7-9879-F4D5A7FF4AF8} = {B0C87C19-1B55-4255-ADC8-97FC240EB363}
		{15248E1E-C02E-4AAA-A2F1-7EB1FAE14654} = {B6EF0323-3F6B-42DA-A3AE-D4F3696C3442}
		{26F1E13D-929A-4BB8-AFA1-1CDB4FA2C653} = {B6EF0323-3F6B-42DA-A3AE-D4F3696C3442}
	EndGlobalSection
	GlobalSection(ExtensibilityGlobals) = postSolution
		SolutionGuid = {01D18070-07CE-4557-B59F-73E7B0DC0B32}
	EndGlobalSection
EndGlobal
